
Microsoft Visual Studio Solution File, Format Version 12.00
# Visual Studio Version 17
VisualStudioVersion = 17.9.34622.214
MinimumVisualStudioVersion = 10.0.40219.1
Project("{FAE04EC0-301F-11D3-BF4B-00C04F79EFBC}") = "Number", "Number\Number.csproj", "{12D46CB1-75C3-46F4-A556-551C8DC8DEA6}"
EndProject
Global
	GlobalSection(SolutionConfigurationPlatforms) = preSolution
		Debug|Any CPU = Debug|Any CPU
		Release|Any CPU = Release|Any CPU
	EndGlobalSection
	GlobalSection(ProjectConfigurationPlatforms) = postSolution
		{12D46CB1-75C3-46F4-A556-551C8DC8DEA6}.Debug|Any CPU.ActiveCfg = Debug|Any CPU
		{12D46CB1-75C3-46F4-A556-551C8DC8DEA6}.Debug|Any CPU.Build.0 = Debug|Any CPU
		{12D46CB1-75C3-46F4-A556-551C8DC8DEA6}.Release|Any CPU.ActiveCfg = Release|Any CPU
		{12D46CB1-75C3-46F4-A556-551C8DC8DEA6}.Release|Any CPU.Build.0 = Release|Any CPU
	EndGlobalSection
	GlobalSection(SolutionProperties) = preSolution
		HideSolutionNode = FALSE
	EndGlobalSection
	GlobalSection(ExtensibilityGlobals) = postSolution
		SolutionGuid = {2DDA2D20-56BB-4CAD-AF1E-01836D961926}
	EndGlobalSection
EndGlobal
